
Microsoft Visual Studio Solution File, Format Version 12.00
# Visual Studio Version 17
VisualStudioVersion = 17.6.33829.357
MinimumVisualStudioVersion = 10.0.40219.1
Project("{2150E333-8FDC-42A3-9474-1A3956D46DE8}") = "MCLauncher.Core", "MCLauncher.Core", "{B9A946EF-D0C7-482D-8A86-EBE50198111D}"
EndProject
Project("{9A19103F-16F7-4668-BE54-9A1E7A4F7556}") = "MCLauncher.Core.API", "MCLauncher.Core.API\MCLauncher.Core.API.csproj", "{81E9E1BF-C2F9-487D-A76B-A20A4FEBC871}"
EndProject
Project("{9A19103F-16F7-4668-BE54-9A1E7A4F7556}") = "MCLauncher.DAL", "MCLauncher.Core.DAL\MCLauncher.DAL.csproj", "{3136EEE6-F480-4D6F-9998-C970570024C3}"
EndProject
Project("{2150E333-8FDC-42A3-9474-1A3956D46DE8}") = "MCLauncher.DAL", "MCLauncher.DAL", "{A155F875-9CAD-4C92-AA49-8D55075AF344}"
EndProject
Project("{2150E333-8FDC-42A3-9474-1A3956D46DE8}") = "MCLauncher.DataAccess", "MCLauncher.DataAccess", "{177DC4CD-BBAA-4E96-BAEA-51A7DB115116}"
EndProject
Project("{9A19103F-16F7-4668-BE54-9A1E7A4F7556}") = "MCLauncher.DataAcess", "MCLauncher.DataAcess\MCLauncher.DataAcess.csproj", "{176947E6-8B9A-4252-BF7D-12BE76D346C2}"
EndProject
Project("{2150E333-8FDC-42A3-9474-1A3956D46DE8}") = "MCLauncher.SecurityService", "MCLauncher.SecurityService", "{73D9EA74-4119-4B3A-B366-0EE2A2CC4302}"
EndProject
Project("{9A19103F-16F7-4668-BE54-9A1E7A4F7556}") = "MCLauncher.SecurityService", "MCLauncher.SecurityService\MCLauncher.SecurityService.csproj", "{3D5E6813-2CC4-468F-B9D7-32BFE4E824DF}"
EndProject
Project("{2150E333-8FDC-42A3-9474-1A3956D46DE8}") = "MCLauncher.WebUI", "MCLauncher.WebUI", "{193732F4-0B0A-4C9C-8231-C8A42B536DEA}"
EndProject
Project("{9A19103F-16F7-4668-BE54-9A1E7A4F7556}") = "MCLauncher.SecurityService.Entities", "MCLauncher.SecurityService.Entities\MCLauncher.SecurityService.Entities.csproj", "{73E88D71-D1D2-4489-98C8-7A2237F62491}"
EndProject
Project("{9A19103F-16F7-4668-BE54-9A1E7A4F7556}") = "MCLauncher.SecurityService.DataAccess", "MCLauncher.SecurityService.DataAccess\MCLauncher.SecurityService.DataAccess.csproj", "{17E5C360-47FE-4C4D-BE16-42E6593BA663}"
EndProject
Project("{FAE04EC0-301F-11D3-BF4B-00C04F79EFBC}") = "MCLauncher.Core.Entities", "MCLauncher.Core.Entities\MCLauncher.Core.Entities.csproj", "{AA9042F7-77B0-410B-9780-6F27D1974B34}"
EndProject
Project("{FAE04EC0-301F-11D3-BF4B-00C04F79EFBC}") = "MCLauncher.WebUI", "MCLauncher.WebUI\MCLauncher.WebUI.csproj", "{AE49B71A-6C6A-44D5-B4C2-5AF2C62C2F8C}"
EndProject
Project("{FAE04EC0-301F-11D3-BF4B-00C04F79EFBC}") = "MCLauncher.WebUI.Entities", "MCLauncher.WebUI.Entities\MCLauncher.WebUI.Entities.csproj", "{5BE5658F-562B-47EF-9100-3DDB9CDC6ED8}"
EndProject
Global
	GlobalSection(SolutionConfigurationPlatforms) = preSolution
		Debug|Any CPU = Debug|Any CPU
		Release|Any CPU = Release|Any CPU
	EndGlobalSection
	GlobalSection(ProjectConfigurationPlatforms) = postSolution
		{81E9E1BF-C2F9-487D-A76B-A20A4FEBC871}.Debug|Any CPU.ActiveCfg = Debug|Any CPU
		{81E9E1BF-C2F9-487D-A76B-A20A4FEBC871}.Debug|Any CPU.Build.0 = Debug|Any CPU
		{81E9E1BF-C2F9-487D-A76B-A20A4FEBC871}.Release|Any CPU.ActiveCfg = Release|Any CPU
		{81E9E1BF-C2F9-487D-A76B-A20A4FEBC871}.Release|Any CPU.Build.0 = Release|Any CPU
		{3136EEE6-F480-4D6F-9998-C970570024C3}.Debug|Any CPU.ActiveCfg = Debug|Any CPU
		{3136EEE6-F480-4D6F-9998-C970570024C3}.Debug|Any CPU.Build.0 = Debug|Any CPU
		{3136EEE6-F480-4D6F-9998-C970570024C3}.Release|Any CPU.ActiveCfg = Release|Any CPU
		{3136EEE6-F480-4D6F-9998-C970570024C3}.Release|Any CPU.Build.0 = Release|Any CPU
		{176947E6-8B9A-4252-BF7D-12BE76D346C2}.Debug|Any CPU.ActiveCfg = Debug|Any CPU
		{176947E6-8B9A-4252-BF7D-12BE76D346C2}.Debug|Any CPU.Build.0 = Debug|Any CPU
		{176947E6-8B9A-4252-BF7D-12BE76D346C2}.Release|Any CPU.ActiveCfg = Release|Any CPU
		{176947E6-8B9A-4252-BF7D-12BE76D346C2}.Release|Any CPU.Build.0 = Release|Any CPU
		{3D5E6813-2CC4-468F-B9D7-32BFE4E824DF}.Debug|Any CPU.ActiveCfg = Debug|Any CPU
		{3D5E6813-2CC4-468F-B9D7-32BFE4E824DF}.Debug|Any CPU.Build.0 = Debug|Any CPU
		{3D5E6813-2CC4-468F-B9D7-32BFE4E824DF}.Release|Any CPU.ActiveCfg = Release|Any CPU
		{3D5E6813-2CC4-468F-B9D7-32BFE4E824DF}.Release|Any CPU.Build.0 = Release|Any CPU
		{73E88D71-D1D2-4489-98C8-7A2237F62491}.Debug|Any CPU.ActiveCfg = Debug|Any CPU
		{73E88D71-D1D2-4489-98C8-7A2237F62491}.Debug|Any CPU.Build.0 = Debug|Any CPU
		{73E88D71-D1D2-4489-98C8-7A2237F62491}.Release|Any CPU.ActiveCfg = Release|Any CPU
		{73E88D71-D1D2-4489-98C8-7A2237F62491}.Release|Any CPU.Build.0 = Release|Any CPU
		{17E5C360-47FE-4C4D-BE16-42E6593BA663}.Debug|Any CPU.ActiveCfg = Debug|Any CPU
		{17E5C360-47FE-4C4D-BE16-42E6593BA663}.Debug|Any CPU.Build.0 = Debug|Any CPU
		{17E5C360-47FE-4C4D-BE16-42E6593BA663}.Release|Any CPU.ActiveCfg = Release|Any CPU
		{17E5C360-47FE-4C4D-BE16-42E6593BA663}.Release|Any CPU.Build.0 = Release|Any CPU
		{AA9042F7-77B0-410B-9780-6F27D1974B34}.Debug|Any CPU.ActiveCfg = Debug|Any CPU
		{AA9042F7-77B0-410B-9780-6F27D1974B34}.Debug|Any CPU.Build.0 = Debug|Any CPU
		{AA9042F7-77B0-410B-9780-6F27D1974B34}.Release|Any CPU.ActiveCfg = Release|Any CPU
		{AA9042F7-77B0-410B-9780-6F27D1974B34}.Release|Any CPU.Build.0 = Release|Any CPU
		{AE49B71A-6C6A-44D5-B4C2-5AF2C62C2F8C}.Debug|Any CPU.ActiveCfg = Debug|Any CPU
		{AE49B71A-6C6A-44D5-B4C2-5AF2C62C2F8C}.Debug|Any CPU.Build.0 = Debug|Any CPU
		{AE49B71A-6C6A-44D5-B4C2-5AF2C62C2F8C}.Release|Any CPU.ActiveCfg = Release|Any CPU
		{AE49B71A-6C6A-44D5-B4C2-5AF2C62C2F8C}.Release|Any CPU.Build.0 = Release|Any CPU
		{5BE5658F-562B-47EF-9100-3DDB9CDC6ED8}.Debug|Any CPU.ActiveCfg = Debug|Any CPU
		{5BE5658F-562B-47EF-9100-3DDB9CDC6ED8}.Debug|Any CPU.Build.0 = Debug|Any CPU
		{5BE5658F-562B-47EF-9100-3DDB9CDC6ED8}.Release|Any CPU.ActiveCfg = Release|Any CPU
		{5BE5658F-562B-47EF-9100-3DDB9CDC6ED8}.Release|Any CPU.Build.0 = Release|Any CPU
	EndGlobalSection
	GlobalSection(SolutionProperties) = preSolution
		HideSolutionNode = FALSE
	EndGlobalSection
	GlobalSection(NestedProjects) = preSolution
		{81E9E1BF-C2F9-487D-A76B-A20A4FEBC871} = {B9A946EF-D0C7-482D-8A86-EBE50198111D}
		{3136EEE6-F480-4D6F-9998-C970570024C3} = {A155F875-9CAD-4C92-AA49-8D55075AF344}
		{176947E6-8B9A-4252-BF7D-12BE76D346C2} = {177DC4CD-BBAA-4E96-BAEA-51A7DB115116}
		{3D5E6813-2CC4-468F-B9D7-32BFE4E824DF} = {73D9EA74-4119-4B3A-B366-0EE2A2CC4302}
		{73E88D71-D1D2-4489-98C8-7A2237F62491} = {73D9EA74-4119-4B3A-B366-0EE2A2CC4302}
		{17E5C360-47FE-4C4D-BE16-42E6593BA663} = {73D9EA74-4119-4B3A-B366-0EE2A2CC4302}
		{AA9042F7-77B0-410B-9780-6F27D1974B34} = {B9A946EF-D0C7-482D-8A86-EBE50198111D}
		{AE49B71A-6C6A-44D5-B4C2-5AF2C62C2F8C} = {193732F4-0B0A-4C9C-8231-C8A42B536DEA}
		{5BE5658F-562B-47EF-9100-3DDB9CDC6ED8} = {193732F4-0B0A-4C9C-8231-C8A42B536DEA}
	EndGlobalSection
	GlobalSection(ExtensibilityGlobals) = postSolution
		SolutionGuid = {A2C8370A-8A74-4A47-9CD4-D290F6AC7119}
	EndGlobalSection
EndGlobal
